// !$*UTF8*$!
{
	archiveVersion = 1;
	classes = {
	};
	objectVersion = 48;
	objects = {

/* Begin PBXBuildFile section */
		4DC09D251F9C967100ED29A0 /* TableViewController.swift in Sources */ = {isa = PBXBuildFile; fileRef = 4DC09D241F9C967100ED29A0 /* TableViewController.swift */; };
		4DC09D2B1F9C999700ED29A0 /* CarCell.swift in Sources */ = {isa = PBXBuildFile; fileRef = 4DC09D2A1F9C999700ED29A0 /* CarCell.swift */; };
		4DC98FB41F9C6F1000E9B108 /* AppDelegate.swift in Sources */ = {isa = PBXBuildFile; fileRef = 4DC98FB31F9C6F1000E9B108 /* AppDelegate.swift */; };
		4DC98FB91F9C6F1000E9B108 /* Main.storyboard in Resources */ = {isa = PBXBuildFile; fileRef = 4DC98FB71F9C6F1000E9B108 /* Main.storyboard */; };
		4DC98FBB1F9C6F1000E9B108 /* Assets.xcassets in Resources */ = {isa = PBXBuildFile; fileRef = 4DC98FBA1F9C6F1000E9B108 /* Assets.xcassets */; };
		4DC98FBE1F9C6F1000E9B108 /* LaunchScreen.storyboard in Resources */ = {isa = PBXBuildFile; fileRef = 4DC98FBC1F9C6F1000E9B108 /* LaunchScreen.storyboard */; };
		4DC98FC81F9C717900E9B108 /* CarVO.swift in Sources */ = {isa = PBXBuildFile; fileRef = 4DC98FC71F9C717900E9B108 /* CarVO.swift */; };
		4DC98FCA1F9C727B00E9B108 /* MainViewController.swift in Sources */ = {isa = PBXBuildFile; fileRef = 4DC98FC91F9C727B00E9B108 /* MainViewController.swift */; };
		4DD4A2CC1F9E09B00091DB81 /* DetailViewController.swift in Sources */ = {isa = PBXBuildFile; fileRef = 4DD4A2CB1F9E09B00091DB81 /* DetailViewController.swift */; };
		F6C86DB64EABA5574DBAB9D8 /* Pods_JeonjuCarWash.framework in Frameworks */ = {isa = PBXBuildFile; fileRef = D00D778213B275551EEC9BF4 /* Pods_JeonjuCarWash.framework */; };
/* End PBXBuildFile section */

/* Begin PBXFileReference section */
		4DC09D241F9C967100ED29A0 /* TableViewController.swift */ = {isa = PBXFileReference; lastKnownFileType = sourcecode.swift; path = TableViewController.swift; sourceTree = "<group>"; };
		4DC09D2A1F9C999700ED29A0 /* CarCell.swift */ = {isa = PBXFileReference; lastKnownFileType = sourcecode.swift; path = CarCell.swift; sourceTree = "<group>"; };
		4DC98FB01F9C6F1000E9B108 /* JeonjuCarWash.app */ = {isa = PBXFileReference; explicitFileType = wrapper.application; includeInIndex = 0; path = JeonjuCarWash.app; sourceTree = BUILT_PRODUCTS_DIR; };
		4DC98FB31F9C6F1000E9B108 /* AppDelegate.swift */ = {isa = PBXFileReference; lastKnownFileType = sourcecode.swift; path = AppDelegate.swift; sourceTree = "<group>"; };
		4DC98FB81F9C6F1000E9B108 /* Base */ = {isa = PBXFileReference; lastKnownFileType = file.storyboard; name = Base; path = Base.lproj/Main.storyboard; sourceTree = "<group>"; };
		4DC98FBA1F9C6F1000E9B108 /* Assets.xcassets */ = {isa = PBXFileReference; lastKnownFileType = folder.assetcatalog; path = Assets.xcassets; sourceTree = "<group>"; };
		4DC98FBD1F9C6F1000E9B108 /* Base */ = {isa = PBXFileReference; lastKnownFileType = file.storyboard; name = Base; path = Base.lproj/LaunchScreen.storyboard; sourceTree = "<group>"; };
		4DC98FBF1F9C6F1000E9B108 /* Info.plist */ = {isa = PBXFileReference; lastKnownFileType = text.plist.xml; path = Info.plist; sourceTree = "<group>"; };
		4DC98FC71F9C717900E9B108 /* CarVO.swift */ = {isa = PBXFileReference; lastKnownFileType = sourcecode.swift; path = CarVO.swift; sourceTree = "<group>"; };
		4DC98FC91F9C727B00E9B108 /* MainViewController.swift */ = {isa = PBXFileReference; lastKnownFileType = sourcecode.swift; path = MainViewController.swift; sourceTree = "<group>"; };
		4DD4A2CB1F9E09B00091DB81 /* DetailViewController.swift */ = {isa = PBXFileReference; lastKnownFileType = sourcecode.swift; path = DetailViewController.swift; sourceTree = "<group>"; };
		679147660B82EC89C8AD7686 /* Pods-JeonjuCarWash.release.xcconfig */ = {isa = PBXFileReference; includeInIndex = 1; lastKnownFileType = text.xcconfig; name = "Pods-JeonjuCarWash.release.xcconfig"; path = "Pods/Target Support Files/Pods-JeonjuCarWash/Pods-JeonjuCarWash.release.xcconfig"; sourceTree = "<group>"; };
		6C96DCCCBCAD953610CF3BC9 /* Pods-JeonjuCarWash.debug.xcconfig */ = {isa = PBXFileReference; includeInIndex = 1; lastKnownFileType = text.xcconfig; name = "Pods-JeonjuCarWash.debug.xcconfig"; path = "Pods/Target Support Files/Pods-JeonjuCarWash/Pods-JeonjuCarWash.debug.xcconfig"; sourceTree = "<group>"; };
		D00D778213B275551EEC9BF4 /* Pods_JeonjuCarWash.framework */ = {isa = PBXFileReference; explicitFileType = wrapper.framework; includeInIndex = 0; path = Pods_JeonjuCarWash.framework; sourceTree = BUILT_PRODUCTS_DIR; };
/* End PBXFileReference section */

/* Begin PBXFrameworksBuildPhase section */
		4DC98FAD1F9C6F1000E9B108 /* Frameworks */ = {
			isa = PBXFrameworksBuildPhase;
			buildActionMask = 2147483647;
			files = (
				F6C86DB64EABA5574DBAB9D8 /* Pods_JeonjuCarWash.framework in Frameworks */,
			);
			runOnlyForDeploymentPostprocessing = 0;
		};
/* End PBXFrameworksBuildPhase section */

/* Begin PBXGroup section */
		4DC98FA71F9C6F1000E9B108 = {
			isa = PBXGroup;
			children = (
				4DC98FB21F9C6F1000E9B108 /* JeonjuCarWash */,
				4DC98FB11F9C6F1000E9B108 /* Products */,
				9BCDEA6F3711F4D4766062C2 /* Pods */,
				AA99315748B7E995AE1200ED /* Frameworks */,
			);
			sourceTree = "<group>";
		};
		4DC98FB11F9C6F1000E9B108 /* Products */ = {
			isa = PBXGroup;
			children = (
				4DC98FB01F9C6F1000E9B108 /* JeonjuCarWash.app */,
			);
			name = Products;
			sourceTree = "<group>";
		};
		4DC98FB21F9C6F1000E9B108 /* JeonjuCarWash */ = {
			isa = PBXGroup;
			children = (
				4DC98FB31F9C6F1000E9B108 /* AppDelegate.swift */,
				4DC98FC71F9C717900E9B108 /* CarVO.swift */,
				4DC98FC91F9C727B00E9B108 /* MainViewController.swift */,
				4DC09D241F9C967100ED29A0 /* TableViewController.swift */,
				4DD4A2CB1F9E09B00091DB81 /* DetailViewController.swift */,
				4DC09D2A1F9C999700ED29A0 /* CarCell.swift */,
				4DC98FB71F9C6F1000E9B108 /* Main.storyboard */,
				4DC98FBA1F9C6F1000E9B108 /* Assets.xcassets */,
				4DC98FBC1F9C6F1000E9B108 /* LaunchScreen.storyboard */,
				4DC98FBF1F9C6F1000E9B108 /* Info.plist */,
			);
			path = JeonjuCarWash;
			sourceTree = "<group>";
		};
		9BCDEA6F3711F4D4766062C2 /* Pods */ = {
			isa = PBXGroup;
			children = (
				6C96DCCCBCAD953610CF3BC9 /* Pods-JeonjuCarWash.debug.xcconfig */,
				679147660B82EC89C8AD7686 /* Pods-JeonjuCarWash.release.xcconfig */,
			);
			name = Pods;
			sourceTree = "<group>";
		};
		AA99315748B7E995AE1200ED /* Frameworks */ = {
			isa = PBXGroup;
			children = (
				D00D778213B275551EEC9BF4 /* Pods_JeonjuCarWash.framework */,
			);
			name = Frameworks;
			sourceTree = "<group>";
		};
/* End PBXGroup section */

/* Begin PBXNativeTarget section */
		4DC98FAF1F9C6F1000E9B108 /* JeonjuCarWash */ = {
			isa = PBXNativeTarget;
			buildConfigurationList = 4DC98FC21F9C6F1000E9B108 /* Build configuration list for PBXNativeTarget "JeonjuCarWash" */;
			buildPhases = (
				CAF988C4D1A6D5FD73246A1A /* [CP] Check Pods Manifest.lock */,
				4DC98FAC1F9C6F1000E9B108 /* Sources */,
				4DC98FAD1F9C6F1000E9B108 /* Frameworks */,
				4DC98FAE1F9C6F1000E9B108 /* Resources */,
				02B13941052DCBBE02E92BFB /* [CP] Embed Pods Frameworks */,
				0EE2C5D8B499224EBD7D1903 /* [CP] Copy Pods Resources */,
			);
			buildRules = (
			);
			dependencies = (
			);
			name = JeonjuCarWash;
			productName = JeonjuCarWash;
			productReference = 4DC98FB01F9C6F1000E9B108 /* JeonjuCarWash.app */;
			productType = "com.apple.product-type.application";
		};
/* End PBXNativeTarget section */

/* Begin PBXProject section */
		4DC98FA81F9C6F1000E9B108 /* Project object */ = {
			isa = PBXProject;
			attributes = {
				LastSwiftUpdateCheck = 0900;
				LastUpgradeCheck = 0900;
				ORGANIZATIONNAME = "hwan ung Yu";
				TargetAttributes = {
					4DC98FAF1F9C6F1000E9B108 = {
						CreatedOnToolsVersion = 9.0.1;
						ProvisioningStyle = Automatic;
					};
				};
			};
			buildConfigurationList = 4DC98FAB1F9C6F1000E9B108 /* Build configuration list for PBXProject "JeonjuCarWash" */;
			compatibilityVersion = "Xcode 8.0";
			developmentRegion = en;
			hasScannedForEncodings = 0;
			knownRegions = (
				en,
				Base,
			);
			mainGroup = 4DC98FA71F9C6F1000E9B108;
			productRefGroup = 4DC98FB11F9C6F1000E9B108 /* Products */;
			projectDirPath = "";
			projectRoot = "";
			targets = (
				4DC98FAF1F9C6F1000E9B108 /* JeonjuCarWash */,
			);
		};
/* End PBXProject section */

/* Begin PBXResourcesBuildPhase section */
		4DC98FAE1F9C6F1000E9B108 /* Resources */ = {
			isa = PBXResourcesBuildPhase;
			buildActionMask = 2147483647;
			files = (
				4DC98FBE1F9C6F1000E9B108 /* LaunchScreen.storyboard in Resources */,
				4DC98FBB1F9C6F1000E9B108 /* Assets.xcassets in Resources */,
				4DC98FB91F9C6F1000E9B108 /* Main.storyboard in Resources */,
			);
			runOnlyForDeploymentPostprocessing = 0;
		};
/* End PBXResourcesBuildPhase section */

/* Begin PBXShellScriptBuildPhase section */
		02B13941052DCBBE02E92BFB /* [CP] Embed Pods Frameworks */ = {
			isa = PBXShellScriptBuildPhase;
			buildActionMask = 2147483647;
			files = (
			);
			inputPaths = (
			);
			name = "[CP] Embed Pods Frameworks";
			outputPaths = (
			);
			runOnlyForDeploymentPostprocessing = 0;
			shellPath = /bin/sh;
			shellScript = "\"${SRCROOT}/Pods/Target Support Files/Pods-JeonjuCarWash/Pods-JeonjuCarWash-frameworks.sh\"\n";
			showEnvVarsInLog = 0;
		};
		0EE2C5D8B499224EBD7D1903 /* [CP] Copy Pods Resources */ = {
			isa = PBXShellScriptBuildPhase;
			buildActionMask = 2147483647;
			files = (
			);
			inputPaths = (
				"${SRCROOT}/Pods/Target Support Files/Pods-JeonjuCarWash/Pods-JeonjuCarWash-resources.sh",
				"${PODS_ROOT}/GoogleMaps/Maps/Frameworks/GoogleMaps.framework/Resources/GoogleMaps.bundle",
				"${PODS_ROOT}/GooglePlaces/Frameworks/GooglePlaces.framework/Resources/GooglePlaces.bundle",
			);
			name = "[CP] Copy Pods Resources";
			outputPaths = (
				"${TARGET_BUILD_DIR}/${UNLOCALIZED_RESOURCES_FOLDER_PATH}",
			);
			runOnlyForDeploymentPostprocessing = 0;
			shellPath = /bin/sh;
			shellScript = "\"${SRCROOT}/Pods/Target Support Files/Pods-JeonjuCarWash/Pods-JeonjuCarWash-resources.sh\"\n";
			showEnvVarsInLog = 0;
		};
		CAF988C4D1A6D5FD73246A1A /* [CP] Check Pods Manifest.lock */ = {
			isa = PBXShellScriptBuildPhase;
			buildActionMask = 2147483647;
			files = (
			);
			inputPaths = (
				"${PODS_PODFILE_DIR_PATH}/Podfile.lock",
				"${PODS_ROOT}/Manifest.lock",
			);
			name = "[CP] Check Pods Manifest.lock";
			outputPaths = (
				"$(DERIVED_FILE_DIR)/Pods-JeonjuCarWash-checkManifestLockResult.txt",
			);
			runOnlyForDeploymentPostprocessing = 0;
			shellPath = /bin/sh;
			shellScript = "diff \"${PODS_PODFILE_DIR_PATH}/Podfile.lock\" \"${PODS_ROOT}/Manifest.lock\" > /dev/null\nif [ $? != 0 ] ; then\n    # print error to STDERR\n    echo \"error: The sandbox is not in sync with the Podfile.lock. Run 'pod install' or update your CocoaPods installation.\" >&2\n    exit 1\nfi\n# This output is used by Xcode 'outputs' to avoid re-running this script phase.\necho \"SUCCESS\" > \"${SCRIPT_OUTPUT_FILE_0}\"\n";
			showEnvVarsInLog = 0;
		};
/* End PBXShellScriptBuildPhase section */

/* Begin PBXSourcesBuildPhase section */
		4DC98FAC1F9C6F1000E9B108 /* Sources */ = {
			isa = PBXSourcesBuildPhase;
			buildActionMask = 2147483647;
			files = (
				4DC98FC81F9C717900E9B108 /* CarVO.swift in Sources */,
				4DC09D251F9C967100ED29A0 /* TableViewController.swift in Sources */,
				4DC98FB41F9C6F1000E9B108 /* AppDelegate.swift in Sources */,
				4DD4A2CC1F9E09B00091DB81 /* DetailViewController.swift in Sources */,
				4DC09D2B1F9C999700ED29A0 /* CarCell.swift in Sources */,
				4DC98FCA1F9C727B00E9B108 /* MainViewController.swift in Sources */,
			);
			runOnlyForDeploymentPostprocessing = 0;
		};
/* End PBXSourcesBuildPhase section */

/* Begin PBXVariantGroup section */
		4DC98FB71F9C6F1000E9B108 /* Main.storyboard */ = {
			isa = PBXVariantGroup;
			children = (
				4DC98FB81F9C6F1000E9B108 /* Base */,
			);
			name = Main.storyboard;
			sourceTree = "<group>";
		};
		4DC98FBC1F9C6F1000E9B108 /* LaunchScreen.storyboard */ = {
			isa = PBXVariantGroup;
			children = (
				4DC98FBD1F9C6F1000E9B108 /* Base */,
			);
			name = LaunchScreen.storyboard;
			sourceTree = "<group>";
		};
/* End PBXVariantGroup section */

/* Begin XCBuildConfiguration section */
		4DC98FC01F9C6F1000E9B108 /* Debug */ = {
			isa = XCBuildConfiguration;
			buildSettings = {
				ALWAYS_SEARCH_USER_PATHS = NO;
				CLANG_ANALYZER_NONNULL = YES;
				CLANG_ANALYZER_NUMBER_OBJECT_CONVERSION = YES_AGGRESSIVE;
				CLANG_CXX_LANGUAGE_STANDARD = "gnu++14";
				CLANG_CXX_LIBRARY = "libc++";
				CLANG_ENABLE_MODULES = YES;
				CLANG_ENABLE_OBJC_ARC = YES;
				CLANG_WARN_BLOCK_CAPTURE_AUTORELEASING = YES;
				CLANG_WARN_BOOL_CONVERSION = YES;
				CLANG_WARN_COMMA = YES;
				CLANG_WARN_CONSTANT_CONVERSION = YES;
				CLANG_WARN_DIRECT_OBJC_ISA_USAGE = YES_ERROR;
				CLANG_WARN_DOCUMENTATION_COMMENTS = YES;
				CLANG_WARN_EMPTY_BODY = YES;
				CLANG_WARN_ENUM_CONVERSION = YES;
				CLANG_WARN_INFINITE_RECURSION = YES;
				CLANG_WARN_INT_CONVERSION = YES;
				CLANG_WARN_NON_LITERAL_NULL_CONVERSION = YES;
				CLANG_WARN_OBJC_LITERAL_CONVERSION = YES;
				CLANG_WARN_OBJC_ROOT_CLASS = YES_ERROR;
				CLANG_WARN_RANGE_LOOP_ANALYSIS = YES;
				CLANG_WARN_STRICT_PROTOTYPES = YES;
				CLANG_WARN_SUSPICIOUS_MOVE = YES;
				CLANG_WARN_UNGUARDED_AVAILABILITY = YES_AGGRESSIVE;
				CLANG_WARN_UNREACHABLE_CODE = YES;
				CLANG_WARN__DUPLICATE_METHOD_MATCH = YES;
				CODE_SIGN_IDENTITY = "iPhone Developer";
				COPY_PHASE_STRIP = NO;
				DEBUG_INFORMATION_FORMAT = dwarf;
				ENABLE_STRICT_OBJC_MSGSEND = YES;
				ENABLE_TESTABILITY = YES;
				GCC_C_LANGUAGE_STANDARD = gnu11;
				GCC_DYNAMIC_NO_PIC = NO;
				GCC_NO_COMMON_BLOCKS = YES;
				GCC_OPTIMIZATION_LEVEL = 0;
				GCC_PREPROCESSOR_DEFINITIONS = (
					"DEBUG=1",
					"$(inherited)",
				);
				GCC_WARN_64_TO_32_BIT_CONVERSION = YES;
				GCC_WARN_ABOUT_RETURN_TYPE = YES_ERROR;
				GCC_WARN_UNDECLARED_SELECTOR = YES;
				GCC_WARN_UNINITIALIZED_AUTOS = YES_AGGRESSIVE;
				GCC_WARN_UNUSED_FUNCTION = YES;
				GCC_WARN_UNUSED_VARIABLE = YES;
				IPHONEOS_DEPLOYMENT_TARGET = 11.0;
				MTL_ENABLE_DEBUG_INFO = YES;
				ONLY_ACTIVE_ARCH = YES;
				SDKROOT = iphoneos;
				SWIFT_ACTIVE_COMPILATION_CONDITIONS = DEBUG;
				SWIFT_OPTIMIZATION_LEVEL = "-Onone";
			};
			name = Debug;
		};
		4DC98FC11F9C6F1000E9B108 /* Release */ = {
			isa = XCBuildConfiguration;
			buildSettings = {
				ALWAYS_SEARCH_USER_PATHS = NO;
				CLANG_ANALYZER_NONNULL = YES;
				CLANG_ANALYZER_NUMBER_OBJECT_CONVERSION = YES_AGGRESSIVE;
				CLANG_CXX_LANGUAGE_STANDARD = "gnu++14";
				CLANG_CXX_LIBRARY = "libc++";
				CLANG_ENABLE_MODULES = YES;
				CLANG_ENABLE_OBJC_ARC = YES;
				CLANG_WARN_BLOCK_CAPTURE_AUTORELEASING = YES;
				CLANG_WARN_BOOL_CONVERSION = YES;
				CLANG_WARN_COMMA = YES;
				CLANG_WARN_CONSTANT_CONVERSION = YES;
				CLANG_WARN_DIRECT_OBJC_ISA_USAGE = YES_ERROR;
				CLANG_WARN_DOCUMENTATION_COMMENTS = YES;
				CLANG_WARN_EMPTY_BODY = YES;
				CLANG_WARN_ENUM_CONVERSION = YES;
				CLANG_WARN_INFINITE_RECURSION = YES;
				CLANG_WARN_INT_CONVERSION = YES;
				CLANG_WARN_NON_LITERAL_NULL_CONVERSION = YES;
				CLANG_WARN_OBJC_LITERAL_CONVERSION = YES;
				CLANG_WARN_OBJC_ROOT_CLASS = YES_ERROR;
				CLANG_WARN_RANGE_LOOP_ANALYSIS = YES;
				CLANG_WARN_STRICT_PROTOTYPES = YES;
				CLANG_WARN_SUSPICIOUS_MOVE = YES;
				CLANG_WARN_UNGUARDED_AVAILABILITY = YES_AGGRESSIVE;
				CLANG_WARN_UNREACHABLE_CODE = YES;
				CLANG_WARN__DUPLICATE_METHOD_MATCH = YES;
				CODE_SIGN_IDENTITY = "iPhone Developer";
				COPY_PHASE_STRIP = NO;
				DEBUG_INFORMATION_FORMAT = "dwarf-with-dsym";
				ENABLE_NS_ASSERTIONS = NO;
				ENABLE_STRICT_OBJC_MSGSEND = YES;
				GCC_C_LANGUAGE_STANDARD = gnu11;
				GCC_NO_COMMON_BLOCKS = YES;
				GCC_WARN_64_TO_32_BIT_CONVERSION = YES;
				GCC_WARN_ABOUT_RETURN_TYPE = YES_ERROR;
				GCC_WARN_UNDECLARED_SELECTOR = YES;
				GCC_WARN_UNINITIALIZED_AUTOS = YES_AGGRESSIVE;
				GCC_WARN_UNUSED_FUNCTION = YES;
				GCC_WARN_UNUSED_VARIABLE = YES;
				IPHONEOS_DEPLOYMENT_TARGET = 11.0;
				MTL_ENABLE_DEBUG_INFO = NO;
				SDKROOT = iphoneos;
				SWIFT_OPTIMIZATION_LEVEL = "-Owholemodule";
				VALIDATE_PRODUCT = YES;
			};
			name = Release;
		};
		4DC98FC31F9C6F1000E9B108 /* Debug */ = {
			isa = XCBuildConfiguration;
			baseConfigurationReference = 6C96DCCCBCAD953610CF3BC9 /* Pods-JeonjuCarWash.debug.xcconfig */;
			buildSettings = {
				ASSETCATALOG_COMPILER_APPICON_NAME = AppIcon;
				CODE_SIGN_STYLE = Automatic;
				DEVELOPMENT_TEAM = UL22BZ9D7W;
				INFOPLIST_FILE = JeonjuCarWash/Info.plist;
				LD_RUNPATH_SEARCH_PATHS = "$(inherited) @executable_path/Frameworks";
				PRODUCT_BUNDLE_IDENTIFIER = Test.JeonjuCarWash;
				PRODUCT_NAME = "$(TARGET_NAME)";
				SWIFT_VERSION = 4.0;
				TARGETED_DEVICE_FAMILY = "1,2";
			};
			name = Debug;
		};
		4DC98FC41F9C6F1000E9B108 /* Release */ = {
			isa = XCBuildConfiguration;
			baseConfigurationReference = 679147660B82EC89C8AD7686 /* Pods-JeonjuCarWash.release.xcconfig */;
			buildSettings = {
				ASSETCATALOG_COMPILER_APPICON_NAME = AppIcon;
				CODE_SIGN_STYLE = Automatic;
				DEVELOPMENT_TEAM = UL22BZ9D7W;
				INFOPLIST_FILE = JeonjuCarWash/Info.plist;
				LD_RUNPATH_SEARCH_PATHS = "$(inherited) @executable_path/Frameworks";
				PRODUCT_BUNDLE_IDENTIFIER = Test.JeonjuCarWash;
				PRODUCT_NAME = "$(TARGET_NAME)";
				SWIFT_VERSION = 4.0;
				TARGETED_DEVICE_FAMILY = "1,2";
			};
			name = Release;
		};
/* End XCBuildConfiguration section */

/* Begin XCConfigurationList section */
		4DC98FAB1F9C6F1000E9B108 /* Build configuration list for PBXProject "JeonjuCarWash" */ = {
			isa = XCConfigurationList;
			buildConfigurations = (
				4DC98FC01F9C6F1000E9B108 /* Debug */,
				4DC98FC11F9C6F1000E9B108 /* Release */,
			);
			defaultConfigurationIsVisible = 0;
			defaultConfigurationName = Release;
		};
		4DC98FC21F9C6F1000E9B108 /* Build configuration list for PBXNativeTarget "JeonjuCarWash" */ = {
			isa = XCConfigurationList;
			buildConfigurations = (
				4DC98FC31F9C6F1000E9B108 /* Debug */,
				4DC98FC41F9C6F1000E9B108 /* Release */,
			);
			defaultConfigurationIsVisible = 0;
			defaultConfigurationName = Release;
		};
/* End XCConfigurationList section */
	};
	rootObject = 4DC98FA81F9C6F1000E9B108 /* Project object */;
}
